// !$*UTF8*$!
{
	archiveVersion = 1;
	classes = {
	};
	objectVersion = 55;
	objects = {

/* Begin PBXBuildFile section */
		3A0342802852227E00E7873D /* AlbumCellAPI.swift in Sources */ = {isa = PBXBuildFile; fileRef = 3A03427F2852227E00E7873D /* AlbumCellAPI.swift */; };
		3A311F052851CA5C007059EF /* AppDelegate.swift in Sources */ = {isa = PBXBuildFile; fileRef = 3A311F042851CA5C007059EF /* AppDelegate.swift */; };
		3A311F092851CA5C007059EF /* ViewController.swift in Sources */ = {isa = PBXBuildFile; fileRef = 3A311F082851CA5C007059EF /* ViewController.swift */; };
		3A311F0E2851CA5E007059EF /* Assets.xcassets in Resources */ = {isa = PBXBuildFile; fileRef = 3A311F0D2851CA5E007059EF /* Assets.xcassets */; };
		3A311F112851CA5E007059EF /* LaunchScreen.storyboard in Resources */ = {isa = PBXBuildFile; fileRef = 3A311F0F2851CA5E007059EF /* LaunchScreen.storyboard */; };
		3A311F192851EC41007059EF /* HeaderView.swift in Sources */ = {isa = PBXBuildFile; fileRef = 3A311F182851EC41007059EF /* HeaderView.swift */; };
		3A311F1B285202DC007059EF /* AlbumCollectionViewCell.swift in Sources */ = {isa = PBXBuildFile; fileRef = 3A311F1A285202DC007059EF /* AlbumCollectionViewCell.swift */; };
		3A311F1E285203AE007059EF /* AlbumCellModel.swift in Sources */ = {isa = PBXBuildFile; fileRef = 3A311F1D285203AE007059EF /* AlbumCellModel.swift */; };
		3AC2441F2852FA2100C05DDA /* CALayer.swift in Sources */ = {isa = PBXBuildFile; fileRef = 3AC2441E2852FA2100C05DDA /* CALayer.swift */; };
/* End PBXBuildFile section */

/* Begin PBXFileReference section */
		3A03427F2852227E00E7873D /* AlbumCellAPI.swift */ = {isa = PBXFileReference; lastKnownFileType = sourcecode.swift; path = AlbumCellAPI.swift; sourceTree = "<group>"; };
		3A311F012851CA5C007059EF /* iOS6-HW14 - Stanislav Rassolenko.app */ = {isa = PBXFileReference; explicitFileType = wrapper.application; includeInIndex = 0; path = "iOS6-HW14 - Stanislav Rassolenko.app"; sourceTree = BUILT_PRODUCTS_DIR; };
		3A311F042851CA5C007059EF /* AppDelegate.swift */ = {isa = PBXFileReference; lastKnownFileType = sourcecode.swift; path = AppDelegate.swift; sourceTree = "<group>"; };
		3A311F082851CA5C007059EF /* ViewController.swift */ = {isa = PBXFileReference; lastKnownFileType = sourcecode.swift; path = ViewController.swift; sourceTree = "<group>"; };
		3A311F0D2851CA5E007059EF /* Assets.xcassets */ = {isa = PBXFileReference; lastKnownFileType = folder.assetcatalog; path = Assets.xcassets; sourceTree = "<group>"; };
		3A311F102851CA5E007059EF /* Base */ = {isa = PBXFileReference; lastKnownFileType = file.storyboard; name = Base; path = Base.lproj/LaunchScreen.storyboard; sourceTree = "<group>"; };
		3A311F122851CA5E007059EF /* Info.plist */ = {isa = PBXFileReference; lastKnownFileType = text.plist.xml; path = Info.plist; sourceTree = "<group>"; };
		3A311F182851EC41007059EF /* HeaderView.swift */ = {isa = PBXFileReference; lastKnownFileType = sourcecode.swift; path = HeaderView.swift; sourceTree = "<group>"; };
		3A311F1A285202DC007059EF /* AlbumCollectionViewCell.swift */ = {isa = PBXFileReference; lastKnownFileType = sourcecode.swift; path = AlbumCollectionViewCell.swift; sourceTree = "<group>"; };
		3A311F1D285203AE007059EF /* AlbumCellModel.swift */ = {isa = PBXFileReference; lastKnownFileType = sourcecode.swift; path = AlbumCellModel.swift; sourceTree = "<group>"; };
		3AC2441E2852FA2100C05DDA /* CALayer.swift */ = {isa = PBXFileReference; lastKnownFileType = sourcecode.swift; path = CALayer.swift; sourceTree = "<group>"; };
/* End PBXFileReference section */

/* Begin PBXFrameworksBuildPhase section */
		3A311EFE2851CA5C007059EF /* Frameworks */ = {
			isa = PBXFrameworksBuildPhase;
			buildActionMask = 2147483647;
			files = (
			);
			runOnlyForDeploymentPostprocessing = 0;
		};
/* End PBXFrameworksBuildPhase section */

/* Begin PBXGroup section */
		3A311EF82851CA5C007059EF = {
			isa = PBXGroup;
			children = (
				3A311F032851CA5C007059EF /* iOS6-HW14 - Stanislav Rassolenko */,
				3A311F022851CA5C007059EF /* Products */,
			);
			sourceTree = "<group>";
		};
		3A311F022851CA5C007059EF /* Products */ = {
			isa = PBXGroup;
			children = (
				3A311F012851CA5C007059EF /* iOS6-HW14 - Stanislav Rassolenko.app */,
			);
			name = Products;
			sourceTree = "<group>";
		};
		3A311F032851CA5C007059EF /* iOS6-HW14 - Stanislav Rassolenko */ = {
			isa = PBXGroup;
			children = (
				3AC2441D2852FA0400C05DDA /* Extensions */,
				3A311F1C2852039C007059EF /* Model */,
				3AC2441A2852F9B800C05DDA /* View */,
				3AC2441B2852F9C500C05DDA /* Controller */,
				3A311F042851CA5C007059EF /* AppDelegate.swift */,
				3A311F0D2851CA5E007059EF /* Assets.xcassets */,
				3A311F0F2851CA5E007059EF /* LaunchScreen.storyboard */,
				3A311F122851CA5E007059EF /* Info.plist */,
			);
			path = "iOS6-HW14 - Stanislav Rassolenko";
			sourceTree = "<group>";
		};
		3A311F1C2852039C007059EF /* Model */ = {
			isa = PBXGroup;
			children = (
				3A311F1D285203AE007059EF /* AlbumCellModel.swift */,
				3A03427F2852227E00E7873D /* AlbumCellAPI.swift */,
			);
			path = Model;
			sourceTree = "<group>";
		};
		3AC2441A2852F9B800C05DDA /* View */ = {
			isa = PBXGroup;
			children = (
				3AC2441C2852F9DE00C05DDA /* Cells */,
				3A311F182851EC41007059EF /* HeaderView.swift */,
			);
			path = View;
			sourceTree = "<group>";
		};
		3AC2441B2852F9C500C05DDA /* Controller */ = {
			isa = PBXGroup;
			children = (
				3A311F082851CA5C007059EF /* ViewController.swift */,
			);
			path = Controller;
			sourceTree = "<group>";
		};
		3AC2441C2852F9DE00C05DDA /* Cells */ = {
			isa = PBXGroup;
			children = (
				3A311F1A285202DC007059EF /* AlbumCollectionViewCell.swift */,
			);
			path = Cells;
			sourceTree = "<group>";
		};
		3AC2441D2852FA0400C05DDA /* Extensions */ = {
			isa = PBXGroup;
			children = (
				3AC2441E2852FA2100C05DDA /* CALayer.swift */,
			);
			path = Extensions;
			sourceTree = "<group>";
		};
/* End PBXGroup section */

/* Begin PBXNativeTarget section */
		3A311F002851CA5C007059EF /* iOS6-HW14 - Stanislav Rassolenko */ = {
			isa = PBXNativeTarget;
			buildConfigurationList = 3A311F152851CA5E007059EF /* Build configuration list for PBXNativeTarget "iOS6-HW14 - Stanislav Rassolenko" */;
			buildPhases = (
				3A311EFD2851CA5C007059EF /* Sources */,
				3A311EFE2851CA5C007059EF /* Frameworks */,
				3A311EFF2851CA5C007059EF /* Resources */,
			);
			buildRules = (
			);
			dependencies = (
			);
			name = "iOS6-HW14 - Stanislav Rassolenko";
			productName = "iOS6-HW14 - Stanislav Rassolenko";
			productReference = 3A311F012851CA5C007059EF /* iOS6-HW14 - Stanislav Rassolenko.app */;
			productType = "com.apple.product-type.application";
		};
/* End PBXNativeTarget section */

/* Begin PBXProject section */
		3A311EF92851CA5C007059EF /* Project object */ = {
			isa = PBXProject;
			attributes = {
				BuildIndependentTargetsInParallel = 1;
				LastSwiftUpdateCheck = 1330;
				LastUpgradeCheck = 1330;
				TargetAttributes = {
					3A311F002851CA5C007059EF = {
						CreatedOnToolsVersion = 13.3.1;
					};
				};
			};
			buildConfigurationList = 3A311EFC2851CA5C007059EF /* Build configuration list for PBXProject "iOS6-HW14 - Stanislav Rassolenko" */;
			compatibilityVersion = "Xcode 13.0";
			developmentRegion = en;
			hasScannedForEncodings = 0;
			knownRegions = (
				en,
				Base,
			);
			mainGroup = 3A311EF82851CA5C007059EF;
			productRefGroup = 3A311F022851CA5C007059EF /* Products */;
			projectDirPath = "";
			projectRoot = "";
			targets = (
				3A311F002851CA5C007059EF /* iOS6-HW14 - Stanislav Rassolenko */,
			);
		};
/* End PBXProject section */

/* Begin PBXResourcesBuildPhase section */
		3A311EFF2851CA5C007059EF /* Resources */ = {
			isa = PBXResourcesBuildPhase;
			buildActionMask = 2147483647;
			files = (
				3A311F112851CA5E007059EF /* LaunchScreen.storyboard in Resources */,
				3A311F0E2851CA5E007059EF /* Assets.xcassets in Resources */,
			);
			runOnlyForDeploymentPostprocessing = 0;
		};
/* End PBXResourcesBuildPhase section */

/* Begin PBXSourcesBuildPhase section */
		3A311EFD2851CA5C007059EF /* Sources */ = {
			isa = PBXSourcesBuildPhase;
			buildActionMask = 2147483647;
			files = (
				3A311F1B285202DC007059EF /* AlbumCollectionViewCell.swift in Sources */,
				3A311F092851CA5C007059EF /* ViewController.swift in Sources */,
				3A0342802852227E00E7873D /* AlbumCellAPI.swift in Sources */,
				3A311F192851EC41007059EF /* HeaderView.swift in Sources */,
				3AC2441F2852FA2100C05DDA /* CALayer.swift in Sources */,
				3A311F1E285203AE007059EF /* AlbumCellModel.swift in Sources */,
				3A311F052851CA5C007059EF /* AppDelegate.swift in Sources */,
			);
			runOnlyForDeploymentPostprocessing = 0;
		};
/* End PBXSourcesBuildPhase section */

/* Begin PBXVariantGroup section */
		3A311F0F2851CA5E007059EF /* LaunchScreen.storyboard */ = {
			isa = PBXVariantGroup;
			children = (
				3A311F102851CA5E007059EF /* Base */,
			);
			name = LaunchScreen.storyboard;
			sourceTree = "<group>";
		};
/* End PBXVariantGroup section */

/* Begin XCBuildConfiguration section */
		3A311F132851CA5E007059EF /* Debug */ = {
			isa = XCBuildConfiguration;
			buildSettings = {
				ALWAYS_SEARCH_USER_PATHS = NO;
				CLANG_ANALYZER_NONNULL = YES;
				CLANG_ANALYZER_NUMBER_OBJECT_CONVERSION = YES_AGGRESSIVE;
				CLANG_CXX_LANGUAGE_STANDARD = "gnu++17";
				CLANG_ENABLE_MODULES = YES;
				CLANG_ENABLE_OBJC_ARC = YES;
				CLANG_ENABLE_OBJC_WEAK = YES;
				CLANG_WARN_BLOCK_CAPTURE_AUTORELEASING = YES;
				CLANG_WARN_BOOL_CONVERSION = YES;
				CLANG_WARN_COMMA = YES;
				CLANG_WARN_CONSTANT_CONVERSION = YES;
				CLANG_WARN_DEPRECATED_OBJC_IMPLEMENTATIONS = YES;
				CLANG_WARN_DIRECT_OBJC_ISA_USAGE = YES_ERROR;
				CLANG_WARN_DOCUMENTATION_COMMENTS = YES;
				CLANG_WARN_EMPTY_BODY = YES;
				CLANG_WARN_ENUM_CONVERSION = YES;
				CLANG_WARN_INFINITE_RECURSION = YES;
				CLANG_WARN_INT_CONVERSION = YES;
				CLANG_WARN_NON_LITERAL_NULL_CONVERSION = YES;
				CLANG_WARN_OBJC_IMPLICIT_RETAIN_SELF = YES;
				CLANG_WARN_OBJC_LITERAL_CONVERSION = YES;
				CLANG_WARN_OBJC_ROOT_CLASS = YES_ERROR;
				CLANG_WARN_QUOTED_INCLUDE_IN_FRAMEWORK_HEADER = YES;
				CLANG_WARN_RANGE_LOOP_ANALYSIS = YES;
				CLANG_WARN_STRICT_PROTOTYPES = YES;
				CLANG_WARN_SUSPICIOUS_MOVE = YES;
				CLANG_WARN_UNGUARDED_AVAILABILITY = YES_AGGRESSIVE;
				CLANG_WARN_UNREACHABLE_CODE = YES;
				CLANG_WARN__DUPLICATE_METHOD_MATCH = YES;
				COPY_PHASE_STRIP = NO;
				DEBUG_INFORMATION_FORMAT = dwarf;
				ENABLE_STRICT_OBJC_MSGSEND = YES;
				ENABLE_TESTABILITY = YES;
				GCC_C_LANGUAGE_STANDARD = gnu11;
				GCC_DYNAMIC_NO_PIC = NO;
				GCC_NO_COMMON_BLOCKS = YES;
				GCC_OPTIMIZATION_LEVEL = 0;
				GCC_PREPROCESSOR_DEFINITIONS = (
					"DEBUG=1",
					"$(inherited)",
				);
				GCC_WARN_64_TO_32_BIT_CONVERSION = YES;
				GCC_WARN_ABOUT_RETURN_TYPE = YES_ERROR;
				GCC_WARN_UNDECLARED_SELECTOR = YES;
				GCC_WARN_UNINITIALIZED_AUTOS = YES_AGGRESSIVE;
				GCC_WARN_UNUSED_FUNCTION = YES;
				GCC_WARN_UNUSED_VARIABLE = YES;
				IPHONEOS_DEPLOYMENT_TARGET = 15.4;
				MTL_ENABLE_DEBUG_INFO = INCLUDE_SOURCE;
				MTL_FAST_MATH = YES;
				ONLY_ACTIVE_ARCH = YES;
				SDKROOT = iphoneos;
				SWIFT_ACTIVE_COMPILATION_CONDITIONS = DEBUG;
				SWIFT_OPTIMIZATION_LEVEL = "-Onone";
			};
			name = Debug;
		};
		3A311F142851CA5E007059EF /* Release */ = {
			isa = XCBuildConfiguration;
			buildSettings = {
				ALWAYS_SEARCH_USER_PATHS = NO;
				CLANG_ANALYZER_NONNULL = YES;
				CLANG_ANALYZER_NUMBER_OBJECT_CONVERSION = YES_AGGRESSIVE;
				CLANG_CXX_LANGUAGE_STANDARD = "gnu++17";
				CLANG_ENABLE_MODULES = YES;
				CLANG_ENABLE_OBJC_ARC = YES;
				CLANG_ENABLE_OBJC_WEAK = YES;
				CLANG_WARN_BLOCK_CAPTURE_AUTORELEASING = YES;
				CLANG_WARN_BOOL_CONVERSION = YES;
				CLANG_WARN_COMMA = YES;
				CLANG_WARN_CONSTANT_CONVERSION = YES;
				CLANG_WARN_DEPRECATED_OBJC_IMPLEMENTATIONS = YES;
				CLANG_WARN_DIRECT_OBJC_ISA_USAGE = YES_ERROR;
				CLANG_WARN_DOCUMENTATION_COMMENTS = YES;
				CLANG_WARN_EMPTY_BODY = YES;
				CLANG_WARN_ENUM_CONVERSION = YES;
				CLANG_WARN_INFINITE_RECURSION = YES;
				CLANG_WARN_INT_CONVERSION = YES;
				CLANG_WARN_NON_LITERAL_NULL_CONVERSION = YES;
				CLANG_WARN_OBJC_IMPLICIT_RETAIN_SELF = YES;
				CLANG_WARN_OBJC_LITERAL_CONVERSION = YES;
				CLANG_WARN_OBJC_ROOT_CLASS = YES_ERROR;
				CLANG_WARN_QUOTED_INCLUDE_IN_FRAMEWORK_HEADER = YES;
				CLANG_WARN_RANGE_LOOP_ANALYSIS = YES;
				CLANG_WARN_STRICT_PROTOTYPES = YES;
				CLANG_WARN_SUSPICIOUS_MOVE = YES;
				CLANG_WARN_UNGUARDED_AVAILABILITY = YES_AGGRESSIVE;
				CLANG_WARN_UNREACHABLE_CODE = YES;
				CLANG_WARN__DUPLICATE_METHOD_MATCH = YES;
				COPY_PHASE_STRIP = NO;
				DEBUG_INFORMATION_FORMAT = "dwarf-with-dsym";
				ENABLE_NS_ASSERTIONS = NO;
				ENABLE_STRICT_OBJC_MSGSEND = YES;
				GCC_C_LANGUAGE_STANDARD = gnu11;
				GCC_NO_COMMON_BLOCKS = YES;
				GCC_WARN_64_TO_32_BIT_CONVERSION = YES;
				GCC_WARN_ABOUT_RETURN_TYPE = YES_ERROR;
				GCC_WARN_UNDECLARED_SELECTOR = YES;
				GCC_WARN_UNINITIALIZED_AUTOS = YES_AGGRESSIVE;
				GCC_WARN_UNUSED_FUNCTION = YES;
				GCC_WARN_UNUSED_VARIABLE = YES;
				IPHONEOS_DEPLOYMENT_TARGET = 15.4;
				MTL_ENABLE_DEBUG_INFO = NO;
				MTL_FAST_MATH = YES;
				SDKROOT = iphoneos;
				SWIFT_COMPILATION_MODE = wholemodule;
				SWIFT_OPTIMIZATION_LEVEL = "-O";
				VALIDATE_PRODUCT = YES;
			};
			name = Release;
		};
		3A311F162851CA5E007059EF /* Debug */ = {
			isa = XCBuildConfiguration;
			buildSettings = {
				ASSETCATALOG_COMPILER_APPICON_NAME = AppIcon;
				ASSETCATALOG_COMPILER_GLOBAL_ACCENT_COLOR_NAME = AccentColor;
				CODE_SIGN_STYLE = Automatic;
				CURRENT_PROJECT_VERSION = 1;
				DEVELOPMENT_TEAM = MK8LDS6W26;
				GENERATE_INFOPLIST_FILE = YES;
				INFOPLIST_FILE = "iOS6-HW14 - Stanislav Rassolenko/Info.plist";
				INFOPLIST_KEY_UIApplicationSupportsIndirectInputEvents = YES;
				INFOPLIST_KEY_UILaunchStoryboardName = LaunchScreen;
				INFOPLIST_KEY_UISupportedInterfaceOrientations_iPad = "UIInterfaceOrientationPortrait UIInterfaceOrientationPortraitUpsideDown UIInterfaceOrientationLandscapeLeft UIInterfaceOrientationLandscapeRight";
				INFOPLIST_KEY_UISupportedInterfaceOrientations_iPhone = "UIInterfaceOrientationPortrait UIInterfaceOrientationLandscapeLeft UIInterfaceOrientationLandscapeRight";
				LD_RUNPATH_SEARCH_PATHS = (
					"$(inherited)",
					"@executable_path/Frameworks",
				);
				MARKETING_VERSION = 1.0;
				PRODUCT_BUNDLE_IDENTIFIER = "com.stanno.iOS6-HW14---Stanislav-Rassolenko";
				PRODUCT_NAME = "$(TARGET_NAME)";
				SWIFT_EMIT_LOC_STRINGS = YES;
				SWIFT_VERSION = 5.0;
				TARGETED_DEVICE_FAMILY = "1,2";
			};
			name = Debug;
		};
		3A311F172851CA5E007059EF /* Release */ = {
			isa = XCBuildConfiguration;
			buildSettings = {
				ASSETCATALOG_COMPILER_APPICON_NAME = AppIcon;
				ASSETCATALOG_COMPILER_GLOBAL_ACCENT_COLOR_NAME = AccentColor;
				CODE_SIGN_STYLE = Automatic;
				CURRENT_PROJECT_VERSION = 1;
				DEVELOPMENT_TEAM = MK8LDS6W26;
				GENERATE_INFOPLIST_FILE = YES;
				INFOPLIST_FILE = "iOS6-HW14 - Stanislav Rassolenko/Info.plist";
				INFOPLIST_KEY_UIApplicationSupportsIndirectInputEvents = YES;
				INFOPLIST_KEY_UILaunchStoryboardName = LaunchScreen;
				INFOPLIST_KEY_UISupportedInterfaceOrientations_iPad = "UIInterfaceOrientationPortrait UIInterfaceOrientationPortraitUpsideDown UIInterfaceOrientationLandscapeLeft UIInterfaceOrientationLandscapeRight";
				INFOPLIST_KEY_UISupportedInterfaceOrientations_iPhone = "UIInterfaceOrientationPortrait UIInterfaceOrientationLandscapeLeft UIInterfaceOrientationLandscapeRight";
				LD_RUNPATH_SEARCH_PATHS = (
					"$(inherited)",
					"@executable_path/Frameworks",
				);
				MARKETING_VERSION = 1.0;
				PRODUCT_BUNDLE_IDENTIFIER = "com.stanno.iOS6-HW14---Stanislav-Rassolenko";
				PRODUCT_NAME = "$(TARGET_NAME)";
				SWIFT_EMIT_LOC_STRINGS = YES;
				SWIFT_VERSION = 5.0;
				TARGETED_DEVICE_FAMILY = "1,2";
			};
			name = Release;
		};
/* End XCBuildConfiguration section */

/* Begin XCConfigurationList section */
		3A311EFC2851CA5C007059EF /* Build configuration list for PBXProject "iOS6-HW14 - Stanislav Rassolenko" */ = {
			isa = XCConfigurationList;
			buildConfigurations = (
				3A311F132851CA5E007059EF /* Debug */,
				3A311F142851CA5E007059EF /* Release */,
			);
			defaultConfigurationIsVisible = 0;
			defaultConfigurationName = Release;
		};
		3A311F152851CA5E007059EF /* Build configuration list for PBXNativeTarget "iOS6-HW14 - Stanislav Rassolenko" */ = {
			isa = XCConfigurationList;
			buildConfigurations = (
				3A311F162851CA5E007059EF /* Debug */,
				3A311F172851CA5E007059EF /* Release */,
			);
			defaultConfigurationIsVisible = 0;
			defaultConfigurationName = Release;
		};
/* End XCConfigurationList section */
	};
	rootObject = 3A311EF92851CA5C007059EF /* Project object */;
}
